version: 6
environments:
  default:
    channels:
    - url: https://conda.anaconda.org/conda-forge/
    - url: https://conda.modular.com/max-nightly/
    packages:
      osx-arm64:
      - conda: https://conda.anaconda.org/conda-forge/noarch/_python_abi3_support-1.0-hd8ed1ab_2.conda
      - conda: https://conda.anaconda.org/conda-forge/osx-arm64/bzip2-1.0.8-hd037594_8.conda
      - conda: https://conda.anaconda.org/conda-forge/noarch/ca-certificates-2025.10.5-hbd8a1cb_0.conda
      - conda: https://conda.anaconda.org/conda-forge/noarch/click-8.3.0-pyh707e725_0.conda
      - conda: https://conda.anaconda.org/conda-forge/noarch/cpython-3.13.9-py313hd8ed1ab_101.conda
      - conda: https://conda.anaconda.org/conda-forge/osx-arm64/glfw-3.4-hc919400_1.conda
      - conda: git+https://github.com/lsh/glfw-mojo#47f0349d51e2e211f30294a3fc15179a9de60dc6
      - conda: https://conda.anaconda.org/conda-forge/osx-arm64/icu-75.1-hfee45f7_0.conda
      - conda: https://conda.anaconda.org/conda-forge/noarch/importlib-metadata-8.7.0-pyhe01879c_1.conda
      - conda: https://conda.anaconda.org/conda-forge/noarch/jupyter_client-8.6.3-pyhd8ed1ab_1.conda
      - conda: https://conda.anaconda.org/conda-forge/noarch/jupyter_core-5.9.1-pyhc90fa1f_0.conda
      - conda: https://conda.anaconda.org/conda-forge/osx-arm64/krb5-1.21.3-h237132a_0.conda
      - conda: https://conda.anaconda.org/conda-forge/osx-arm64/libblas-3.9.0-38_h51639a9_openblas.conda
      - conda: https://conda.anaconda.org/conda-forge/osx-arm64/libcblas-3.9.0-38_hb0561ab_openblas.conda
      - conda: https://conda.anaconda.org/conda-forge/osx-arm64/libcxx-21.1.5-hf598326_0.conda
      - conda: https://conda.anaconda.org/conda-forge/osx-arm64/libedit-3.1.20250104-pl5321hafb1f1b_0.conda
      - conda: https://conda.anaconda.org/conda-forge/osx-arm64/libexpat-2.7.1-hec049ff_0.conda
      - conda: https://conda.anaconda.org/conda-forge/osx-arm64/libffi-3.5.2-he5f378a_0.conda
      - conda: https://conda.anaconda.org/conda-forge/osx-arm64/libgfortran-15.2.0-hfcf01ff_1.conda
      - conda: https://conda.anaconda.org/conda-forge/osx-arm64/libgfortran5-15.2.0-h742603c_1.conda
      - conda: https://conda.anaconda.org/conda-forge/osx-arm64/liblapack-3.9.0-38_hd9741b5_openblas.conda
      - conda: https://conda.anaconda.org/conda-forge/osx-arm64/liblzma-5.8.1-h39f12f2_2.conda
      - conda: https://conda.anaconda.org/conda-forge/osx-arm64/libmpdec-4.0.0-h5505292_0.conda
      - conda: https://conda.anaconda.org/conda-forge/osx-arm64/libopenblas-0.3.30-openmp_ha158390_3.conda
      - conda: https://conda.anaconda.org/conda-forge/osx-arm64/libsodium-1.0.20-h99b78c6_0.conda
      - conda: https://conda.anaconda.org/conda-forge/osx-arm64/libsqlite-3.51.0-h8adb53f_0.conda
      - conda: https://conda.anaconda.org/conda-forge/osx-arm64/libzlib-1.3.1-h8359307_2.conda
      - conda: https://conda.anaconda.org/conda-forge/osx-arm64/llvm-openmp-21.1.5-h4a912ad_0.conda
      - conda: https://conda.modular.com/max-nightly/osx-arm64/max-25.7.0.dev2025110705-3.13release.conda
      - conda: https://conda.modular.com/max-nightly/osx-arm64/max-core-25.7.0.dev2025110705-release.conda
      - conda: https://conda.modular.com/max-nightly/noarch/mblack-25.7.0.dev2025110705-release.conda
      - conda: https://conda.modular.com/max-nightly/osx-arm64/mojo-0.25.7.0.dev2025110705-release.conda
      - conda: https://conda.modular.com/max-nightly/osx-arm64/mojo-compiler-0.25.7.0.dev2025110705-release.conda
      - conda: https://conda.modular.com/max-nightly/noarch/mojo-python-0.25.7.0.dev2025110705-release.conda
      - conda: https://conda.anaconda.org/conda-forge/noarch/mypy_extensions-1.1.0-pyha770c72_0.conda
      - conda: https://conda.anaconda.org/conda-forge/osx-arm64/ncurses-6.5-h5e97a16_3.conda
      - conda: https://conda.anaconda.org/conda-forge/osx-arm64/numpy-2.3.4-py313h9771d21_0.conda
      - conda: https://conda.anaconda.org/conda-forge/osx-arm64/openssl-3.5.4-h5503f6c_0.conda
      - conda: https://conda.anaconda.org/conda-forge/noarch/packaging-25.0-pyh29332c3_1.conda
      - conda: https://conda.anaconda.org/conda-forge/noarch/pathspec-0.12.1-pyhd8ed1ab_1.conda
      - conda: https://conda.anaconda.org/conda-forge/noarch/platformdirs-4.5.0-pyhcf101f3_0.conda
      - conda: https://conda.anaconda.org/conda-forge/osx-arm64/python-3.13.9-hfc2f54d_101_cp313.conda
      - conda: https://conda.anaconda.org/conda-forge/noarch/python-dateutil-2.9.0.post0-pyhe01879c_2.conda
      - conda: https://conda.anaconda.org/conda-forge/noarch/python-gil-3.13.9-h4df99d1_101.conda
      - conda: https://conda.anaconda.org/conda-forge/noarch/python_abi-3.13-8_cp313.conda
      - conda: https://conda.anaconda.org/conda-forge/osx-arm64/pyyaml-6.0.3-py313h7d74516_0.conda
      - conda: https://conda.anaconda.org/conda-forge/osx-arm64/pyzmq-27.1.0-py312hd65ceae_0.conda
      - conda: https://conda.anaconda.org/conda-forge/osx-arm64/readline-8.2-h1d1bf99_2.conda
      - conda: https://conda.anaconda.org/conda-forge/noarch/six-1.17.0-pyhe01879c_1.conda
      - conda: https://conda.anaconda.org/conda-forge/osx-arm64/tk-8.6.13-h892fb3f_2.conda
      - conda: https://conda.anaconda.org/conda-forge/noarch/tomli-2.3.0-pyhcf101f3_0.conda
      - conda: https://conda.anaconda.org/conda-forge/osx-arm64/tornado-6.5.2-py313h6535dbc_2.conda
      - conda: https://conda.anaconda.org/conda-forge/noarch/traitlets-5.14.3-pyhd8ed1ab_1.conda
      - conda: https://conda.anaconda.org/conda-forge/noarch/typing-extensions-4.15.0-h396c80c_0.conda
      - conda: https://conda.anaconda.org/conda-forge/noarch/typing_extensions-4.15.0-pyhcf101f3_0.conda
      - conda: https://conda.anaconda.org/conda-forge/noarch/tzdata-2025b-h78e105d_0.conda
      - conda: https://conda.anaconda.org/conda-forge/osx-arm64/wgpu-native-22.1.0.5-h5f1966e_1.conda
      - conda: https://conda.anaconda.org/conda-forge/osx-arm64/yaml-0.2.5-h925e9cb_3.conda
      - conda: https://conda.anaconda.org/conda-forge/osx-arm64/zeromq-4.3.5-h888dc83_9.conda
      - conda: https://conda.anaconda.org/conda-forge/noarch/zipp-3.23.0-pyhd8ed1ab_0.conda
packages:
- conda: https://conda.anaconda.org/conda-forge/noarch/_python_abi3_support-1.0-hd8ed1ab_2.conda
  sha256: a3967b937b9abf0f2a99f3173fa4630293979bd1644709d89580e7c62a544661
  md5: aaa2a381ccc56eac91d63b6c1240312f
  depends:
  - cpython
  - python-gil
  license: MIT
  license_family: MIT
  size: 8191
  timestamp: 1744137672556
- conda: https://conda.anaconda.org/conda-forge/osx-arm64/bzip2-1.0.8-hd037594_8.conda
  sha256: b456200636bd5fecb2bec63f7e0985ad2097cf1b83d60ce0b6968dffa6d02aa1
  md5: 58fd217444c2a5701a44244faf518206
  depends:
  - __osx >=11.0
  license: bzip2-1.0.6
  license_family: BSD
  size: 125061
  timestamp: 1757437486465
- conda: https://conda.anaconda.org/conda-forge/noarch/ca-certificates-2025.10.5-hbd8a1cb_0.conda
  sha256: 3b5ad78b8bb61b6cdc0978a6a99f8dfb2cc789a451378d054698441005ecbdb6
  md5: f9e5fbc24009179e8b0409624691758a
  depends:
  - __unix
  license: ISC
  size: 155907
  timestamp: 1759649036195
- conda: https://conda.anaconda.org/conda-forge/noarch/click-8.3.0-pyh707e725_0.conda
  sha256: c6567ebc27c4c071a353acaf93eb82bb6d9a6961e40692a359045a89a61d02c0
  md5: e76c4ba9e1837847679421b8d549b784
  depends:
  - __unix
  - python >=3.10
  license: BSD-3-Clause
  license_family: BSD
  size: 91622
  timestamp: 1758270534287
- conda: https://conda.anaconda.org/conda-forge/noarch/cpython-3.13.9-py313hd8ed1ab_101.conda
  noarch: generic
  sha256: 31da683e8a15e2062adfb29c9fb23d4253550a0b3c9be1cd45530f88796b4644
  md5: 367133808e89325690562099851529c8
  depends:
  - python >=3.13,<3.14.0a0
  - python_abi * *_cp313
  license: Python-2.0
  size: 48397
  timestamp: 1761175097707
- conda: https://conda.anaconda.org/conda-forge/osx-arm64/glfw-3.4-hc919400_1.conda
  sha256: 1399137b5ca52e73760aeb98235247c90cd4cee43f946aaf39ed69f69a00a956
  md5: 77d80914f04ad95f9ed0338735986b95
  depends:
  - __osx >=11.0
  license: Zlib
  size: 113494
  timestamp: 1758809831689
- conda: git+https://github.com/lsh/glfw-mojo#47f0349d51e2e211f30294a3fc15179a9de60dc6
  name: glfw-mojo
  version: 0.1.0
  build: h60d57d3_0
  subdir: osx-arm64
  channel: null
- conda: https://conda.anaconda.org/conda-forge/osx-arm64/icu-75.1-hfee45f7_0.conda
  sha256: 9ba12c93406f3df5ab0a43db8a4b4ef67a5871dfd401010fbe29b218b2cbe620
  md5: 5eb22c1d7b3fc4abb50d92d621583137
  depends:
  - __osx >=11.0
  license: MIT
  license_family: MIT
  size: 11857802
  timestamp: 1720853997952
- conda: https://conda.anaconda.org/conda-forge/noarch/importlib-metadata-8.7.0-pyhe01879c_1.conda
  sha256: c18ab120a0613ada4391b15981d86ff777b5690ca461ea7e9e49531e8f374745
  md5: 63ccfdc3a3ce25b027b8767eb722fca8
  depends:
  - python >=3.9
  - zipp >=3.20
  - python
  license: Apache-2.0
  license_family: APACHE
  size: 34641
  timestamp: 1747934053147
- conda: https://conda.anaconda.org/conda-forge/noarch/jupyter_client-8.6.3-pyhd8ed1ab_1.conda
  sha256: 19d8bd5bb2fde910ec59e081eeb59529491995ce0d653a5209366611023a0b3a
  md5: 4ebae00eae9705b0c3d6d1018a81d047
  depends:
  - importlib-metadata >=4.8.3
  - jupyter_core >=4.12,!=5.0.*
  - python >=3.9
  - python-dateutil >=2.8.2
  - pyzmq >=23.0
  - tornado >=6.2
  - traitlets >=5.3
  license: BSD-3-Clause
  license_family: BSD
  size: 106342
  timestamp: 1733441040958
- conda: https://conda.anaconda.org/conda-forge/noarch/jupyter_core-5.9.1-pyhc90fa1f_0.conda
  sha256: 1d34b80e5bfcd5323f104dbf99a2aafc0e5d823019d626d0dce5d3d356a2a52a
  md5: b38fe4e78ee75def7e599843ef4c1ab0
  depends:
  - __unix
  - python
  - platformdirs >=2.5
  - python >=3.10
  - traitlets >=5.3
  - python
  constrains:
  - pywin32 >=300
  license: BSD-3-Clause
  license_family: BSD
  size: 65503
  timestamp: 1760643864586
- conda: https://conda.anaconda.org/conda-forge/osx-arm64/krb5-1.21.3-h237132a_0.conda
  sha256: 4442f957c3c77d69d9da3521268cad5d54c9033f1a73f99cde0a3658937b159b
  md5: c6dc8a0fdec13a0565936655c33069a1
  depends:
  - __osx >=11.0
  - libcxx >=16
  - libedit >=3.1.20191231,<3.2.0a0
  - libedit >=3.1.20191231,<4.0a0
  - openssl >=3.3.1,<4.0a0
  license: MIT
  license_family: MIT
  size: 1155530
  timestamp: 1719463474401
- conda: https://conda.anaconda.org/conda-forge/osx-arm64/libblas-3.9.0-38_h51639a9_openblas.conda
  build_number: 38
  sha256: 1850e189ca9b623497b857cf905bb2c8d57c8a42de5aed63a9b0bd857a1af2ae
  md5: 90a49011b477170c063b385cbacf9138
  depends:
  - libopenblas >=0.3.30,<0.3.31.0a0
  - libopenblas >=0.3.30,<1.0a0
  constrains:
  - liblapack  3.9.0   38*_openblas
  - libcblas   3.9.0   38*_openblas
  - mkl <2026
  - liblapacke 3.9.0   38*_openblas
  - blas 2.138   openblas
  license: BSD-3-Clause
  license_family: BSD
  size: 17695
  timestamp: 1761680554564
- conda: https://conda.anaconda.org/conda-forge/osx-arm64/libcblas-3.9.0-38_hb0561ab_openblas.conda
  build_number: 38
  sha256: 5ab5a9aa350a5838d91f0e4feed30f765cbea461ee9515bf214d459c3378a531
  md5: eab61fcb277d6fa9f059bba437fd3612
  depends:
  - libblas 3.9.0 38_h51639a9_openblas
  constrains:
  - liblapack  3.9.0   38*_openblas
  - liblapacke 3.9.0   38*_openblas
  - blas 2.138   openblas
  license: BSD-3-Clause
  license_family: BSD
  size: 17685
  timestamp: 1761680563279
- conda: https://conda.anaconda.org/conda-forge/osx-arm64/libcxx-21.1.5-hf598326_0.conda
  sha256: cb441b85669eec99a593f59e6bb18c1d8a46d13eebadfc6a55f0b298109bf510
  md5: fbfdbf6e554275d2661c4541f45fed53
  depends:
  - __osx >=11.0
  license: Apache-2.0 WITH LLVM-exception
  license_family: Apache
  size: 569449
  timestamp: 1762258167196
- conda: https://conda.anaconda.org/conda-forge/osx-arm64/libedit-3.1.20250104-pl5321hafb1f1b_0.conda
  sha256: 66aa216a403de0bb0c1340a88d1a06adaff66bae2cfd196731aa24db9859d631
  md5: 44083d2d2c2025afca315c7a172eab2b
  depends:
  - ncurses
  - __osx >=11.0
  - ncurses >=6.5,<7.0a0
  license: BSD-2-Clause
  license_family: BSD
  size: 107691
  timestamp: 1738479560845
- conda: https://conda.anaconda.org/conda-forge/osx-arm64/libexpat-2.7.1-hec049ff_0.conda
  sha256: 8fbb17a56f51e7113ed511c5787e0dec0d4b10ef9df921c4fd1cccca0458f648
  md5: b1ca5f21335782f71a8bd69bdc093f67
  depends:
  - __osx >=11.0
  constrains:
  - expat 2.7.1.*
  license: MIT
  license_family: MIT
  size: 65971
  timestamp: 1752719657566
- conda: https://conda.anaconda.org/conda-forge/osx-arm64/libffi-3.5.2-he5f378a_0.conda
  sha256: 9b8acdf42df61b7bfe8bdc545c016c29e61985e79748c64ad66df47dbc2e295f
  md5: 411ff7cd5d1472bba0f55c0faf04453b
  depends:
  - __osx >=11.0
  license: MIT
  license_family: MIT
  size: 40251
  timestamp: 1760295839166
- conda: https://conda.anaconda.org/conda-forge/osx-arm64/libgfortran-15.2.0-hfcf01ff_1.conda
  sha256: e9a5d1208b9dc0b576b35a484d527d9b746c4e65620e0d77c44636033b2245f0
  md5: f699348e3f4f924728e33551b1920f79
  depends:
  - libgfortran5 15.2.0 h742603c_1
  license: GPL-3.0-only WITH GCC-exception-3.1
  license_family: GPL
  size: 134016
  timestamp: 1759712902814
- conda: https://conda.anaconda.org/conda-forge/osx-arm64/libgfortran5-15.2.0-h742603c_1.conda
  sha256: 18808697013a625ca876eeee3d86ee5b656f17c391eca4a4bc70867717cc5246
  md5: afccf412b03ce2f309f875ff88419173
  depends:
  - llvm-openmp >=8.0.0
  constrains:
  - libgfortran 15.2.0
  license: GPL-3.0-only WITH GCC-exception-3.1
  license_family: GPL
  size: 764028
  timestamp: 1759712189275
- conda: https://conda.anaconda.org/conda-forge/osx-arm64/liblapack-3.9.0-38_hd9741b5_openblas.conda
  build_number: 38
  sha256: df4f43d2ba45b7b80a45e8c0e51d3d7675a00047089beea7dc54e685825df9f6
  md5: 4525f30079caf1a2290538c2c531f354
  depends:
  - libblas 3.9.0 38_h51639a9_openblas
  constrains:
  - liblapacke 3.9.0   38*_openblas
  - blas 2.138   openblas
  - libcblas   3.9.0   38*_openblas
  license: BSD-3-Clause
  license_family: BSD
  size: 17709
  timestamp: 1761680572118
- conda: https://conda.anaconda.org/conda-forge/osx-arm64/liblzma-5.8.1-h39f12f2_2.conda
  sha256: 0cb92a9e026e7bd4842f410a5c5c665c89b2eb97794ffddba519a626b8ce7285
  md5: d6df911d4564d77c4374b02552cb17d1
  depends:
  - __osx >=11.0
  constrains:
  - xz 5.8.1.*
  license: 0BSD
  size: 92286
  timestamp: 1749230283517
- conda: https://conda.anaconda.org/conda-forge/osx-arm64/libmpdec-4.0.0-h5505292_0.conda
  sha256: 0a1875fc1642324ebd6c4ac864604f3f18f57fbcf558a8264f6ced028a3c75b2
  md5: 85ccccb47823dd9f7a99d2c7f530342f
  depends:
  - __osx >=11.0
  license: BSD-2-Clause
  license_family: BSD
  size: 71829
  timestamp: 1748393749336
- conda: https://conda.anaconda.org/conda-forge/osx-arm64/libopenblas-0.3.30-openmp_ha158390_3.conda
  sha256: dcc626c7103503d1dfc0371687ad553cb948b8ed0249c2a721147bdeb8db4a73
  md5: a18a7f471c517062ee71b843ef95eb8a
  depends:
  - __osx >=11.0
  - libgfortran
  - libgfortran5 >=14.3.0
  - llvm-openmp >=19.1.7
  constrains:
  - openblas >=0.3.30,<0.3.31.0a0
  license: BSD-3-Clause
  license_family: BSD
  size: 4285762
  timestamp: 1761749506256
- conda: https://conda.anaconda.org/conda-forge/osx-arm64/libsodium-1.0.20-h99b78c6_0.conda
  sha256: fade8223e1e1004367d7101dd17261003b60aa576df6d7802191f8972f7470b1
  md5: a7ce36e284c5faaf93c220dfc39e3abd
  depends:
  - __osx >=11.0
  license: ISC
  size: 164972
  timestamp: 1716828607917
- conda: https://conda.anaconda.org/conda-forge/osx-arm64/libsqlite-3.51.0-h8adb53f_0.conda
  sha256: b43d198f147f46866e5336c4a6b91668beef698bfba69d1706158460eadb2c1b
  md5: 5fb1945dbc6380e6fe7e939a62267772
  depends:
  - __osx >=11.0
  - icu >=75.1,<76.0a0
  - libzlib >=1.3.1,<2.0a0
  license: blessing
  size: 909508
  timestamp: 1762300078624
- conda: https://conda.anaconda.org/conda-forge/osx-arm64/libzlib-1.3.1-h8359307_2.conda
  sha256: ce34669eadaba351cd54910743e6a2261b67009624dbc7daeeafdef93616711b
  md5: 369964e85dc26bfe78f41399b366c435
  depends:
  - __osx >=11.0
  constrains:
  - zlib 1.3.1 *_2
  license: Zlib
  license_family: Other
  size: 46438
  timestamp: 1727963202283
- conda: https://conda.anaconda.org/conda-forge/osx-arm64/llvm-openmp-21.1.5-h4a912ad_0.conda
  sha256: a9707045db6a1b9dc2b196f02c3e31d72fe3dbab4ebc4976f3b913c26394dca0
  md5: 9ae7847a3bef5e050f3921260032033c
  depends:
  - __osx >=11.0
  constrains:
  - intel-openmp <0.0a0
  - openmp 21.1.5|21.1.5.*
  license: Apache-2.0 WITH LLVM-exception
  license_family: APACHE
  size: 285516
  timestamp: 1762315951771
- conda: https://conda.modular.com/max-nightly/osx-arm64/max-25.7.0.dev2025110705-3.13release.conda
  sha256: 4c20ef8978b5caef79639bd55def49f5868cfc2edd9c626c35eea6f5d7603a00
  depends:
  - numpy >=1.18
  - typing-extensions >=4.12.2
  - pyyaml >=6.0.1
  - python-gil
  - max-core ==25.7.0.dev2025110705 release
  - python_abi 3.13.* *_cp313
  constrains:
  - click >=8.0.0
  - gguf >=0.17.1
  - hf-transfer >=0.1.9
  - huggingface_hub >=0.28.0
  - jinja2 >=3.1.6
  - llguidance >=0.7.30
  - pillow >=11.0.0
  - psutil >=6.1.1
  - requests >=2.32.3
  - rich >=13.0.1
  - sentencepiece >=0.2.0
  - taskgroup >=0.2.2
  - tqdm >=4.67.1
  - transformers >=4.57.0
  - uvicorn >=0.34.0
  - uvloop >=0.21.0
  - aiofiles >=24.1.0
  - asgiref >=3.8.1
  - fastapi >=0.115.3
  - grpcio >=1.68.0
  - httpx >=0.28.1,<0.29
  - msgspec >=0.19.0
  - opentelemetry-api >=1.29.0
  - opentelemetry-exporter-otlp-proto-http >=1.27.0
  - opentelemetry-exporter-prometheus >=0.50b0
  - opentelemetry-sdk >=1.29.0,<1.36.0
  - prometheus_client >=0.21.0
  - protobuf >=6.31.1,<6.32.0
  - pydantic-settings >=2.7.1
  - pydantic
  - pyinstrument >=5.0.1
  - python-json-logger >=2.0.7
  - pyzmq >=26.3.0
  - regex >=2024.11.6
  - scipy >=1.13.0
  - sse-starlette >=2.1.2
  - starlette >=0.47.2
  - tokenizers >=0.19.0
  license: LicenseRef-Modular-Proprietary
  size: 9478480
  timestamp: 1762493292159
- conda: https://conda.modular.com/max-nightly/osx-arm64/max-core-25.7.0.dev2025110705-release.conda
  sha256: 7e646bce9b75ef551c7eb687f22e4f2252a7a9cc5b4b66accb9efcb321d6bc18
  depends:
  - mojo-compiler ==0.25.7.0.dev2025110705 release
  license: LicenseRef-Modular-Proprietary
  size: 75327583
  timestamp: 1762493292159
- conda: https://conda.modular.com/max-nightly/noarch/mblack-25.7.0.dev2025110705-release.conda
  noarch: python
  sha256: 63df06e4666d41e8db2fb68f3c2cb91dc0ce1c2ba66c885f6895b2e7fe7675f1
  depends:
  - python >=3.10
  - click >=8.0.0
  - mypy_extensions >=0.4.3
  - packaging >=22.0
  - pathspec >=0.9.0
  - platformdirs >=2
  - tomli >=1.1.0
  - typing_extensions >=v4.12.2
  - python
  license: MIT
  size: 137962
  timestamp: 1762493062622
- conda: https://conda.modular.com/max-nightly/osx-arm64/mojo-0.25.7.0.dev2025110705-release.conda
  sha256: 60fd055b65659f33968d6261b8717ab8543bf99f53d9e924250b6625c156fa46
  depends:
  - python >=3.10
  - mojo-compiler ==0.25.7.0.dev2025110705 release
  - mblack ==25.7.0.dev2025110705 release
  - jupyter_client >=8.6.2,<8.7
  license: LicenseRef-Modular-Proprietary
  size: 75101039
  timestamp: 1762493292159
- conda: https://conda.modular.com/max-nightly/osx-arm64/mojo-compiler-0.25.7.0.dev2025110705-release.conda
  sha256: 341a59d3e30cf1f982844527e74c9364420bbb4ff8b6bb21988b563cdc5dcb53
  depends:
  - mojo-python ==0.25.7.0.dev2025110705 release
  license: LicenseRef-Modular-Proprietary
  size: 63084576
  timestamp: 1762493292159
- conda: https://conda.modular.com/max-nightly/noarch/mojo-python-0.25.7.0.dev2025110705-release.conda
  noarch: python
  sha256: ab821f9b94e0eb0a3ef6a5d53bfb63cc0fe7d957b0dbb6773f38c645d4bbd389
  depends:
  - python
  license: LicenseRef-Modular-Proprietary
  size: 24607
  timestamp: 1762493062621
- conda: https://conda.anaconda.org/conda-forge/noarch/mypy_extensions-1.1.0-pyha770c72_0.conda
  sha256: 6ed158e4e5dd8f6a10ad9e525631e35cee8557718f83de7a4e3966b1f772c4b1
  md5: e9c622e0d00fa24a6292279af3ab6d06
  depends:
  - python >=3.9
  license: MIT
  license_family: MIT
  size: 11766
  timestamp: 1745776666688
- conda: https://conda.anaconda.org/conda-forge/osx-arm64/ncurses-6.5-h5e97a16_3.conda
  sha256: 2827ada40e8d9ca69a153a45f7fd14f32b2ead7045d3bbb5d10964898fe65733
  md5: 068d497125e4bf8a66bf707254fff5ae
  depends:
  - __osx >=11.0
  license: X11 AND BSD-3-Clause
  size: 797030
  timestamp: 1738196177597
- conda: https://conda.anaconda.org/conda-forge/osx-arm64/numpy-2.3.4-py313h9771d21_0.conda
  sha256: 33c73a156ce2b48cea3a67810832b2eba830f5d0671858789518554582c9b450
  md5: 1c27b9306edd808fdfc718c0c6c93cf9
  depends:
  - python
  - __osx >=11.0
  - python 3.13.* *_cp313
  - libcxx >=19
  - python_abi 3.13.* *_cp313
  - liblapack >=3.9.0,<4.0a0
  - libblas >=3.9.0,<4.0a0
  - libcblas >=3.9.0,<4.0a0
  constrains:
  - numpy-base <0a0
  license: BSD-3-Clause
  license_family: BSD
  size: 6751745
  timestamp: 1761161612340
- conda: https://conda.anaconda.org/conda-forge/osx-arm64/openssl-3.5.4-h5503f6c_0.conda
  sha256: f0512629f9589392c2fb9733d11e753d0eab8fc7602f96e4d7f3bd95c783eb07
  md5: 71118318f37f717eefe55841adb172fd
  depends:
  - __osx >=11.0
  - ca-certificates
  license: Apache-2.0
  license_family: Apache
  size: 3067808
  timestamp: 1759324763146
- conda: https://conda.anaconda.org/conda-forge/noarch/packaging-25.0-pyh29332c3_1.conda
  sha256: 289861ed0c13a15d7bbb408796af4de72c2fe67e2bcb0de98f4c3fce259d7991
  md5: 58335b26c38bf4a20f399384c33cbcf9
  depends:
  - python >=3.8
  - python
  license: Apache-2.0
  license_family: APACHE
  size: 62477
  timestamp: 1745345660407
- conda: https://conda.anaconda.org/conda-forge/noarch/pathspec-0.12.1-pyhd8ed1ab_1.conda
  sha256: 9f64009cdf5b8e529995f18e03665b03f5d07c0b17445b8badef45bde76249ee
  md5: 617f15191456cc6a13db418a275435e5
  depends:
  - python >=3.9
  license: MPL-2.0
  license_family: MOZILLA
  size: 41075
  timestamp: 1733233471940
- conda: https://conda.anaconda.org/conda-forge/noarch/platformdirs-4.5.0-pyhcf101f3_0.conda
  sha256: 7efd51b48d908de2d75cbb3c4a2e80dd9454e1c5bb8191b261af3136f7fa5888
  md5: 5c7a868f8241e64e1cf5fdf4962f23e2
  depends:
  - python >=3.10
  - python
  license: MIT
  license_family: MIT
  size: 23625
  timestamp: 1759953252315
- conda: https://conda.anaconda.org/conda-forge/osx-arm64/python-3.13.9-hfc2f54d_101_cp313.conda
  build_number: 101
  sha256: 516229f780b98783a5ef4112a5a4b5e5647d4f0177c4621e98aa60bb9bc32f98
  md5: a4241bce59eecc74d4d2396e108c93b8
  depends:
  - __osx >=11.0
  - bzip2 >=1.0.8,<2.0a0
  - libexpat >=2.7.1,<3.0a0
  - libffi >=3.5.2,<3.6.0a0
  - liblzma >=5.8.1,<6.0a0
  - libmpdec >=4.0.0,<5.0a0
  - libsqlite >=3.50.4,<4.0a0
  - libzlib >=1.3.1,<2.0a0
  - ncurses >=6.5,<7.0a0
  - openssl >=3.5.4,<4.0a0
  - python_abi 3.13.* *_cp313
  - readline >=8.2,<9.0a0
  - tk >=8.6.13,<8.7.0a0
  - tzdata
  license: Python-2.0
  size: 11915380
  timestamp: 1761176793936
  python_site_packages_path: lib/python3.13/site-packages
- conda: https://conda.anaconda.org/conda-forge/noarch/python-dateutil-2.9.0.post0-pyhe01879c_2.conda
  sha256: d6a17ece93bbd5139e02d2bd7dbfa80bee1a4261dced63f65f679121686bf664
  md5: 5b8d21249ff20967101ffa321cab24e8
  depends:
  - python >=3.9
  - six >=1.5
  - python
  license: Apache-2.0
  license_family: APACHE
  size: 233310
  timestamp: 1751104122689
- conda: https://conda.anaconda.org/conda-forge/noarch/python-gil-3.13.9-h4df99d1_101.conda
  sha256: 7535b9cb2414e34c73ed4a97a90bcadcc76b9d47d0bb8ef5002c592d85fe022d
  md5: f41e3c1125e292e6bfcea8392a3de3d8
  depends:
  - cpython 3.13.9.*
  - python_abi * *_cp313
  license: Python-2.0
  size: 48385
  timestamp: 1761175154112
- conda: https://conda.anaconda.org/conda-forge/noarch/python_abi-3.13-8_cp313.conda
  build_number: 8
  sha256: 210bffe7b121e651419cb196a2a63687b087497595c9be9d20ebe97dd06060a7
  md5: 94305520c52a4aa3f6c2b1ff6008d9f8
  constrains:
  - python 3.13.* *_cp313
  license: BSD-3-Clause
  license_family: BSD
  size: 7002
  timestamp: 1752805902938
- conda: https://conda.anaconda.org/conda-forge/osx-arm64/pyyaml-6.0.3-py313h7d74516_0.conda
  sha256: f5be0d84f72a567b7333b9efa74a65bfa44a25658cf107ffa3fc65d3ae6660d7
  md5: 0e8e3235217b4483a7461b63dca5826b
  depends:
  - __osx >=11.0
  - python >=3.13,<3.14.0a0
  - python >=3.13,<3.14.0a0 *_cp313
  - python_abi 3.13.* *_cp313
  - yaml >=0.2.5,<0.3.0a0
  license: MIT
  license_family: MIT
  size: 191630
  timestamp: 1758892258120
- conda: https://conda.anaconda.org/conda-forge/osx-arm64/pyzmq-27.1.0-py312hd65ceae_0.conda
  noarch: python
  sha256: ef33812c71eccf62ea171906c3e7fc1c8921f31e9cc1fbc3f079f3f074702061
  md5: bbd22b0f0454a5972f68a5f200643050
  depends:
  - python
  - __osx >=11.0
  - libcxx >=19
  - _python_abi3_support 1.*
  - cpython >=3.12
  - zeromq >=4.3.5,<4.4.0a0
  license: BSD-3-Clause
  license_family: BSD
  size: 191115
  timestamp: 1757387128258
- conda: https://conda.anaconda.org/conda-forge/osx-arm64/readline-8.2-h1d1bf99_2.conda
  sha256: 7db04684d3904f6151eff8673270922d31da1eea7fa73254d01c437f49702e34
  md5: 63ef3f6e6d6d5c589e64f11263dc5676
  depends:
  - ncurses >=6.5,<7.0a0
  license: GPL-3.0-only
  license_family: GPL
  size: 252359
  timestamp: 1740379663071
- conda: https://conda.anaconda.org/conda-forge/noarch/six-1.17.0-pyhe01879c_1.conda
  sha256: 458227f759d5e3fcec5d9b7acce54e10c9e1f4f4b7ec978f3bfd54ce4ee9853d
  md5: 3339e3b65d58accf4ca4fb8748ab16b3
  depends:
  - python >=3.9
  - python
  license: MIT
  license_family: MIT
  size: 18455
  timestamp: 1753199211006
- conda: https://conda.anaconda.org/conda-forge/osx-arm64/tk-8.6.13-h892fb3f_2.conda
  sha256: cb86c522576fa95c6db4c878849af0bccfd3264daf0cc40dd18e7f4a7bfced0e
  md5: 7362396c170252e7b7b0c8fb37fe9c78
  depends:
  - __osx >=11.0
  - libzlib >=1.3.1,<2.0a0
  license: TCL
  license_family: BSD
  size: 3125538
  timestamp: 1748388189063
- conda: https://conda.anaconda.org/conda-forge/noarch/tomli-2.3.0-pyhcf101f3_0.conda
  sha256: cb77c660b646c00a48ef942a9e1721ee46e90230c7c570cdeb5a893b5cce9bff
  md5: d2732eb636c264dc9aa4cbee404b1a53
  depends:
  - python >=3.10
  - python
  license: MIT
  license_family: MIT
  size: 20973
  timestamp: 1760014679845
- conda: https://conda.anaconda.org/conda-forge/osx-arm64/tornado-6.5.2-py313h6535dbc_2.conda
  sha256: 621bcd6a7ca399bb739aa32a2fb639b2389dd5f030af3c7a2d5e639cfe194be4
  md5: c7fea1e31871009ff882a327ba4b7d9a
  depends:
  - __osx >=11.0
  - python >=3.13,<3.14.0a0
  - python >=3.13,<3.14.0a0 *_cp313
  - python_abi 3.13.* *_cp313
  license: Apache-2.0
  license_family: Apache
  size: 876232
  timestamp: 1762507414014
- conda: https://conda.anaconda.org/conda-forge/noarch/traitlets-5.14.3-pyhd8ed1ab_1.conda
  sha256: f39a5620c6e8e9e98357507262a7869de2ae8cc07da8b7f84e517c9fd6c2b959
  md5: 019a7385be9af33791c989871317e1ed
  depends:
  - python >=3.9
  license: BSD-3-Clause
  license_family: BSD
  size: 110051
  timestamp: 1733367480074
- conda: https://conda.anaconda.org/conda-forge/noarch/typing-extensions-4.15.0-h396c80c_0.conda
  sha256: 7c2df5721c742c2a47b2c8f960e718c930031663ac1174da67c1ed5999f7938c
  md5: edd329d7d3a4ab45dcf905899a7a6115
  depends:
  - typing_extensions ==4.15.0 pyhcf101f3_0
  license: PSF-2.0
  license_family: PSF
  size: 91383
  timestamp: 1756220668932
- conda: https://conda.anaconda.org/conda-forge/noarch/typing_extensions-4.15.0-pyhcf101f3_0.conda
  sha256: 032271135bca55aeb156cee361c81350c6f3fb203f57d024d7e5a1fc9ef18731
  md5: 0caa1af407ecff61170c9437a808404d
  depends:
  - python >=3.10
  - python
  license: PSF-2.0
  license_family: PSF
  size: 51692
  timestamp: 1756220668932
- conda: https://conda.anaconda.org/conda-forge/noarch/tzdata-2025b-h78e105d_0.conda
  sha256: 5aaa366385d716557e365f0a4e9c3fca43ba196872abbbe3d56bb610d131e192
  md5: 4222072737ccff51314b5ece9c7d6f5a
  license: LicenseRef-Public-Domain
  size: 122968
  timestamp: 1742727099393
- conda: https://conda.anaconda.org/conda-forge/osx-arm64/wgpu-native-22.1.0.5-h5f1966e_1.conda
  sha256: 88d7a170c3b7e5e736f99510c6b5a2fb90e62eeb76578234010f439cdbf888b6
  md5: 195179cc98d877876b6961d6ba18e472
  depends:
  - __osx >=11.0
  - libcxx >=18
  constrains:
  - __osx >=11.0
  - webgpu-headers 0.0.0.2024.6.12
  license: MIT OR Apache-2.0
  size: 2337530
  timestamp: 1730778794780
- conda: https://conda.anaconda.org/conda-forge/osx-arm64/yaml-0.2.5-h925e9cb_3.conda
  sha256: b03433b13d89f5567e828ea9f1a7d5c5d697bf374c28a4168d71e9464f5dafac
  md5: 78a0fe9e9c50d2c381e8ee47e3ea437d
  depends:
  - __osx >=11.0
  license: MIT
  license_family: MIT
  size: 83386
  timestamp: 1753484079473
- conda: https://conda.anaconda.org/conda-forge/osx-arm64/zeromq-4.3.5-h888dc83_9.conda
  sha256: b6f9c130646e5971f6cad708e1eee278f5c7eea3ca97ec2fdd36e7abb764a7b8
  md5: 26f39dfe38a2a65437c29d69906a0f68
  depends:
  - __osx >=11.0
  - libcxx >=19
  - libsodium >=1.0.20,<1.0.21.0a0
  - krb5 >=1.21.3,<1.22.0a0
  license: MPL-2.0
  license_family: MOZILLA
  size: 244772
  timestamp: 1757371008525
- conda: https://conda.anaconda.org/conda-forge/noarch/zipp-3.23.0-pyhd8ed1ab_0.conda
  sha256: 7560d21e1b021fd40b65bfb72f67945a3fcb83d78ad7ccf37b8b3165ec3b68ad
  md5: df5e78d904988eb55042c0c97446079f
  depends:
  - python >=3.9
  license: MIT
  license_family: MIT
  size: 22963
  timestamp: 1749421737203
